
Microsoft Visual Studio Solution File, Format Version 12.00
# Visual Studio Version 17
VisualStudioVersion = 17.0.31903.59
MinimumVisualStudioVersion = 10.0.40219.1
Project("{2150E333-8FDC-42A3-9474-1A3956D46DE8}") = "Presentation", "Presentation", "{0684A034-5A19-4739-BEB0-A9D8013A9947}"
EndProject
Project("{FAE04EC0-301F-11D3-BF4B-00C04F79EFBC}") = "Parser.API", "Presentation\Parser.API\Parser.API.csproj", "{3064F16C-3B71-4BF9-B5D7-39B985155911}"
EndProject
Project("{2150E333-8FDC-42A3-9474-1A3956D46DE8}") = "Tests", "Tests", "{FEEDC4B1-D787-4B22-995A-1E237D462434}"
EndProject
Project("{2150E333-8FDC-42A3-9474-1A3956D46DE8}") = "Units", "Units", "{CF296E0B-88BD-4CC3-8EC6-4FF26E2BC1BD}"
EndProject
Project("{FAE04EC0-301F-11D3-BF4B-00C04F79EFBC}") = "Parser.UnitTests", "Tests\Units\Parser.UnitTests\Parser.UnitTests.csproj", "{2AE798BD-0954-4BFB-96A4-3595027FDF37}"
EndProject
Project("{2150E333-8FDC-42A3-9474-1A3956D46DE8}") = "BussinessLogic", "BussinessLogic", "{6502C13A-9D74-4F61-AE4A-3874065AF756}"
EndProject
Project("{2150E333-8FDC-42A3-9474-1A3956D46DE8}") = "DataAccess", "DataAccess", "{09DD0194-BB1A-4308-814A-DE7D85CE0A5C}"
EndProject
Project("{FAE04EC0-301F-11D3-BF4B-00C04F79EFBC}") = "DataAccess", "DataAccess\DataAccess.csproj", "{51FAF261-CE4C-4FF1-8CCF-9D11DE2378E8}"
EndProject
Project("{FAE04EC0-301F-11D3-BF4B-00C04F79EFBC}") = "BussinessLogic", "BussinessLogic\BussinessLogic.csproj", "{C89BEBA7-DD59-4B35-A17B-796A58D0A813}"
EndProject
Global
	GlobalSection(SolutionConfigurationPlatforms) = preSolution
		Debug|Any CPU = Debug|Any CPU
		Release|Any CPU = Release|Any CPU
	EndGlobalSection
	GlobalSection(SolutionProperties) = preSolution
		HideSolutionNode = FALSE
	EndGlobalSection
	GlobalSection(ProjectConfigurationPlatforms) = postSolution
		{3064F16C-3B71-4BF9-B5D7-39B985155911}.Debug|Any CPU.ActiveCfg = Debug|Any CPU
		{3064F16C-3B71-4BF9-B5D7-39B985155911}.Debug|Any CPU.Build.0 = Debug|Any CPU
		{3064F16C-3B71-4BF9-B5D7-39B985155911}.Release|Any CPU.ActiveCfg = Release|Any CPU
		{3064F16C-3B71-4BF9-B5D7-39B985155911}.Release|Any CPU.Build.0 = Release|Any CPU
		{2AE798BD-0954-4BFB-96A4-3595027FDF37}.Debug|Any CPU.ActiveCfg = Debug|Any CPU
		{2AE798BD-0954-4BFB-96A4-3595027FDF37}.Debug|Any CPU.Build.0 = Debug|Any CPU
		{2AE798BD-0954-4BFB-96A4-3595027FDF37}.Release|Any CPU.ActiveCfg = Release|Any CPU
		{2AE798BD-0954-4BFB-96A4-3595027FDF37}.Release|Any CPU.Build.0 = Release|Any CPU
		{51FAF261-CE4C-4FF1-8CCF-9D11DE2378E8}.Debug|Any CPU.ActiveCfg = Debug|Any CPU
		{51FAF261-CE4C-4FF1-8CCF-9D11DE2378E8}.Debug|Any CPU.Build.0 = Debug|Any CPU
		{51FAF261-CE4C-4FF1-8CCF-9D11DE2378E8}.Release|Any CPU.ActiveCfg = Release|Any CPU
		{51FAF261-CE4C-4FF1-8CCF-9D11DE2378E8}.Release|Any CPU.Build.0 = Release|Any CPU
		{C89BEBA7-DD59-4B35-A17B-796A58D0A813}.Debug|Any CPU.ActiveCfg = Debug|Any CPU
		{C89BEBA7-DD59-4B35-A17B-796A58D0A813}.Debug|Any CPU.Build.0 = Debug|Any CPU
		{C89BEBA7-DD59-4B35-A17B-796A58D0A813}.Release|Any CPU.ActiveCfg = Release|Any CPU
		{C89BEBA7-DD59-4B35-A17B-796A58D0A813}.Release|Any CPU.Build.0 = Release|Any CPU
	EndGlobalSection
	GlobalSection(NestedProjects) = preSolution
		{3064F16C-3B71-4BF9-B5D7-39B985155911} = {0684A034-5A19-4739-BEB0-A9D8013A9947}
		{CF296E0B-88BD-4CC3-8EC6-4FF26E2BC1BD} = {FEEDC4B1-D787-4B22-995A-1E237D462434}
		{2AE798BD-0954-4BFB-96A4-3595027FDF37} = {CF296E0B-88BD-4CC3-8EC6-4FF26E2BC1BD}
		{51FAF261-CE4C-4FF1-8CCF-9D11DE2378E8} = {09DD0194-BB1A-4308-814A-DE7D85CE0A5C}
		{C89BEBA7-DD59-4B35-A17B-796A58D0A813} = {6502C13A-9D74-4F61-AE4A-3874065AF756}
	EndGlobalSection
EndGlobal
